<?xml version="1.0" encoding="UTF-8"?><Scheme LastUpgradeVersion="2700" version="1.3"><BuildAction parallelizeBuildables="YES" buildImplicitDependencies="YES"><BuildActionEntries><BuildActionEntry buildForTesting="YES" buildForRunning="YES" buildForProfiling="YES" buildForArchiving="YES" buildForAnalyzing="YES"><BuildableReference BuildableIdentifier="primary" BlueprintIdentifier="64B34D3F1E42AD30E3248AA7" BuildableName="Family Quiz Controller.app" BlueprintName="Family Quiz Controller" ReferencedContainer="container:Family Quiz Night.xcodeproj"/></BuildActionEntry></BuildActionEntries></BuildAction><TestAction buildConfiguration="Debug"><Testables><TestableReference skipped="NO"><BuildableReference BuildableIdentifier="primary" BlueprintIdentifier="5AB86F42D5E1D299375D6952" BuildableName="PhoneWorkflowTests.xctest" BlueprintName="PhoneWorkflowTests" ReferencedContainer="container:Family Quiz Night.xcodeproj"/></TestableReference></Testables></TestAction><LaunchAction buildConfiguration="Debug" selectedDebuggerIdentifier="Xcode.DebuggerFoundation.Debugger.LLDB" selectedLauncherIdentifier="Xcode.IDEFoundation.Launcher.LLDB" launchStyle="0" useCustomWorkingDirectory="NO" ignoresPersistentStateOnLaunch="NO" debugDocumentVersioning="YES" allowLocationSimulation="YES"><BuildableProductRunnable runnableDebuggingMode="0"><BuildableReference BuildableIdentifier="primary" BlueprintIdentifier="64B34D3F1E42AD30E3248AA7" BuildableName="Family Quiz Controller.app" BlueprintName="Family Quiz Controller" ReferencedContainer="container:Family Quiz Night.xcodeproj"/></BuildableProductRunnable></LaunchAction><ProfileAction buildConfiguration="Release"><BuildableProductRunnable runnableDebuggingMode="0"><BuildableReference BuildableIdentifier="primary" BlueprintIdentifier="64B34D3F1E42AD30E3248AA7" BuildableName="Family Quiz Controller.app" BlueprintName="Family Quiz Controller" ReferencedContainer="container:Family Quiz Night.xcodeproj"/></BuildableProductRunnable></ProfileAction><AnalyzeAction buildConfiguration="Debug"/><ArchiveAction buildConfiguration="Release" revealArchiveInOrganizer="YES"/></Scheme>